<Solution>
  <Folder Name="/src/">
    <Project Path="src/SWFC.Application/SWFC.Application.csproj" />
    <Project Path="src/SWFC.Domain/SWFC.Domain.csproj" />
    <Project Path="src/SWFC.Infrastructure/SWFC.Infrastructure.csproj" />
    <Project Path="src/SWFC.Web/SWFC.Web.csproj" />
  </Folder>
  <Folder Name="/tests/">
    <Project Path="tests/SWFC.Architecture.Tests/SWFC.Architecture.Tests.csproj" />
  </Folder>
</Solution>
